# This file is automatically @generated by Cargo.
# It is not intended for manual editing.
version = 4

[[package]]
name = "arrayvec"
version = "0.7.8"
source = "registry+https://github.com/rust-lang/crates.io-index"
checksum = "d3fb67a6e08acf24fdeccbac2cb6ac4305825bd1f117462e0e6f2f193345ad56"

[[package]]
name = "autocfg"
version = "1.5.1"
source = "registry+https://github.com/rust-lang/crates.io-index"
checksum = "f2032f911046de80f0a198e0901378627c33f59ea0ac00e363d481118bd70a53"

[[package]]
name = "curvex-render-comparison"
version = "0.0.0"
dependencies = [
 "lyon_path",
 "lyon_tessellation",
 "planar-geometry",
]

[[package]]
name = "euclid"
version = "0.22.14"
source = "registry+https://github.com/rust-lang/crates.io-index"
checksum = "f1a05365e3b1c6d1650318537c7460c6923f1abdd272ad6842baa2b509957a06"
dependencies = [
 "num-traits",
]

[[package]]
name = "float_next_after"
version = "1.0.0"
source = "registry+https://github.com/rust-lang/crates.io-index"
checksum = "8bf7cc16383c4b8d58b9905a8509f02926ce3058053c056376248d958c9df1e8"

[[package]]
name = "libm"
version = "0.2.16"
source = "registry+https://github.com/rust-lang/crates.io-index"
checksum = "b6d2cec3eae94f9f509c767b45932f1ada8350c4bdb85af2fcab4a3c14807981"

[[package]]
name = "lyon_geom"
version = "1.0.19"
source = "registry+https://github.com/rust-lang/crates.io-index"
checksum = "4336502e29e32af93cf2dad2214ed6003c17ceb5bd499df77b1de663b9042b92"
dependencies = [
 "arrayvec",
 "euclid",
 "num-traits",
]

[[package]]
name = "lyon_path"
version = "1.0.19"
source = "registry+https://github.com/rust-lang/crates.io-index"
checksum = "5c463f9c428b7fc5ec885dcd39ce4aa61e29111d0e33483f6f98c74e89d8621e"
dependencies = [
 "lyon_geom",
 "num-traits",
]

[[package]]
name = "lyon_tessellation"
version = "1.0.20"
source = "registry+https://github.com/rust-lang/crates.io-index"
checksum = "8e43b7e44161571868f5c931d12583592c223c5583eef86b08aa02b7048a3552"
dependencies = [
 "float_next_after",
 "lyon_path",
 "num-traits",
]

[[package]]
name = "num-traits"
version = "0.2.19"
source = "registry+https://github.com/rust-lang/crates.io-index"
checksum = "071dfc062690e90b734c0b2273ce72ad0ffa95f0c74596bc250dcfd960262841"
dependencies = [
 "autocfg",
 "libm",
]

[[package]]
name = "osv-math"
version = "0.1.0"

[[package]]
name = "planar-geometry"
version = "0.1.0"
dependencies = [
 "osv-math",
]
