# This file is automatically @generated by Cargo.
# It is not intended for manual editing.
version = 4

[[package]]
name = "brep-topology"
version = "0.1.0"
dependencies = [
 "value-codec",
]

[[package]]
name = "geometry-bridge"
version = "0.1.0"
dependencies = [
 "brep-topology",
 "modelgraph-runtime",
 "modelgraph-text",
 "nurbs-kernel",
 "polygon-kernel",
 "sdf-kernel",
 "sketch-kernel",
 "subdivision-kernel",
 "value-codec",
]

[[package]]
name = "geometry-ops"
version = "0.1.0"
dependencies = [
 "value-codec",
]

[[package]]
name = "modelgraph-runtime"
version = "0.1.0"
dependencies = [
 "value-codec",
]

[[package]]
name = "modelgraph-text"
version = "0.1.0"
dependencies = [
 "value-codec",
]

[[package]]
name = "nurbs-kernel"
version = "0.1.0"
dependencies = [
 "brep-topology",
 "geometry-ops",
 "value-codec",
]

[[package]]
name = "polygon-kernel"
version = "0.1.0"
dependencies = [
 "brep-topology",
 "geometry-ops",
 "value-codec",
]

[[package]]
name = "sdf-kernel"
version = "0.1.0"
dependencies = [
 "geometry-ops",
 "polygon-kernel",
 "value-codec",
]

[[package]]
name = "sketch-kernel"
version = "0.1.0"
dependencies = [
 "value-codec",
]

[[package]]
name = "subdivision-kernel"
version = "0.1.0"
dependencies = [
 "geometry-ops",
 "polygon-kernel",
 "value-codec",
]

[[package]]
name = "value-codec"
version = "0.1.0"
